PODS:
  - ChameleonFramework (2.0.4):
    - ChameleonFramework/Default (= 2.0.4)
  - ChameleonFramework/Default (2.0.4)
  - CHCSVParser (2.1.0)
  - SWTableViewCell (0.3.7)

DEPENDENCIES:
  - ChameleonFramework
  - CHCSVParser (~> 2.1)
  - SWTableViewCell (~> 0.3.7)

SPEC CHECKSUMS:
  ChameleonFramework: 5abe69b1f2a6cc79c3c435fcd9d3d855748225ee
  CHCSVParser: 3bcc7bdb72111a31222e95d57eacceefe4e537e8
  SWTableViewCell: 2a94aadc9d47b2b611fa064566bf57948b95b579

COCOAPODS: 0.39.0
