// !$*UTF8*$!
{
	archiveVersion = 1;
	classes = {
	};
	objectVersion = 46;
	objects = {

/* Begin PBXBuildFile section */
		A2242E53AFB40722561CE2B7 /* libPods.a in Frameworks */ = {isa = PBXBuildFile; fileRef = 787A1AB082A6B82741B86200 /* libPods.a */; };
		B22685B11A88463400AAC8A6 /* main.m in Sources */ = {isa = PBXBuildFile; fileRef = B22685B01A88463400AAC8A6 /* main.m */; };
		B22685B41A88463400AAC8A6 /* AppDelegate.m in Sources */ = {isa = PBXBuildFile; fileRef = B22685B31A88463400AAC8A6 /* AppDelegate.m */; };
		B22685B71A88463400AAC8A6 /* Insurentory.xcdatamodeld in Sources */ = {isa = PBXBuildFile; fileRef = B22685B51A88463400AAC8A6 /* Insurentory.xcdatamodeld */; };
		B22685BA1A88463400AAC8A6 /* InsurentoriesTableViewController.m in Sources */ = {isa = PBXBuildFile; fileRef = B22685B91A88463400AAC8A6 /* InsurentoriesTableViewController.m */; };
		B22685BD1A88463400AAC8A6 /* InsurentoryStaticTableViewController.m in Sources */ = {isa = PBXBuildFile; fileRef = B22685BC1A88463400AAC8A6 /* InsurentoryStaticTableViewController.m */; };
		B22685C01A88463400AAC8A6 /* Insurentories.storyboard in Resources */ = {isa = PBXBuildFile; fileRef = B22685BE1A88463400AAC8A6 /* Insurentories.storyboard */; };
		B22685C21A88463400AAC8A6 /* Images.xcassets in Resources */ = {isa = PBXBuildFile; fileRef = B22685C11A88463400AAC8A6 /* Images.xcassets */; };
		B22685C51A88463400AAC8A6 /* LaunchScreen.xib in Resources */ = {isa = PBXBuildFile; fileRef = B22685C31A88463400AAC8A6 /* LaunchScreen.xib */; };
		B22685D11A88463400AAC8A6 /* InsurentoryTests.m in Sources */ = {isa = PBXBuildFile; fileRef = B22685D01A88463400AAC8A6 /* InsurentoryTests.m */; };
		B258508B1A8B541300FDB71A /* Insurentory.m in Sources */ = {isa = PBXBuildFile; fileRef = B258508A1A8B541300FDB71A /* Insurentory.m */; };
		B258508E1A8B541300FDB71A /* Asset.m in Sources */ = {isa = PBXBuildFile; fileRef = B258508D1A8B541300FDB71A /* Asset.m */; };
		B25850911A8B5C7200FDB71A /* AssetTableViewCell.m in Sources */ = {isa = PBXBuildFile; fileRef = B25850901A8B5C7200FDB71A /* AssetTableViewCell.m */; };
		E07D52671A8C595600A3D923 /* MessageUI.framework in Frameworks */ = {isa = PBXBuildFile; fileRef = E07D52661A8C595600A3D923 /* MessageUI.framework */; };
		E0F7B1221A8A96A600CBD7BD /* EHDotLinkedStoryboardSegue.m in Sources */ = {isa = PBXBuildFile; fileRef = E0F7B1211A8A96A600CBD7BD /* EHDotLinkedStoryboardSegue.m */; };
		E0F7B1241A8A974E00CBD7BD /* Assets.storyboard in Resources */ = {isa = PBXBuildFile; fileRef = E0F7B1231A8A974E00CBD7BD /* Assets.storyboard */; };
		E0F7B1271A8A9BA600CBD7BD /* AssetsTableViewController.m in Sources */ = {isa = PBXBuildFile; fileRef = E0F7B1261A8A9BA600CBD7BD /* AssetsTableViewController.m */; };
		E0F7B12A1A8A9BD600CBD7BD /* AssetStaticTableViewController.m in Sources */ = {isa = PBXBuildFile; fileRef = E0F7B1291A8A9BD600CBD7BD /* AssetStaticTableViewController.m */; };
/* End PBXBuildFile section */

/* Begin PBXContainerItemProxy section */
		B22685CB1A88463400AAC8A6 /* PBXContainerItemProxy */ = {
			isa = PBXContainerItemProxy;
			containerPortal = B22685A31A88463300AAC8A6 /* Project object */;
			proxyType = 1;
			remoteGlobalIDString = B22685AA1A88463300AAC8A6;
			remoteInfo = Insurentory;
		};
/* End PBXContainerItemProxy section */

/* Begin PBXFileReference section */
		037E68FDE30062A6DBA43E87 /* Pods.release.xcconfig */ = {isa = PBXFileReference; includeInIndex = 1; lastKnownFileType = text.xcconfig; name = Pods.release.xcconfig; path = "Pods/Target Support Files/Pods/Pods.release.xcconfig"; sourceTree = "<group>"; };
		43817A4A03CFCB89EC4D8837 /* Pods.debug.xcconfig */ = {isa = PBXFileReference; includeInIndex = 1; lastKnownFileType = text.xcconfig; name = Pods.debug.xcconfig; path = "Pods/Target Support Files/Pods/Pods.debug.xcconfig"; sourceTree = "<group>"; };
		787A1AB082A6B82741B86200 /* libPods.a */ = {isa = PBXFileReference; explicitFileType = archive.ar; includeInIndex = 0; path = libPods.a; sourceTree = BUILT_PRODUCTS_DIR; };
		B22685AB1A88463400AAC8A6 /* Insurentory.app */ = {isa = PBXFileReference; explicitFileType = wrapper.application; includeInIndex = 0; path = Insurentory.app; sourceTree = BUILT_PRODUCTS_DIR; };
		B22685AF1A88463400AAC8A6 /* Info.plist */ = {isa = PBXFileReference; lastKnownFileType = text.plist.xml; path = Info.plist; sourceTree = "<group>"; };
		B22685B01A88463400AAC8A6 /* main.m */ = {isa = PBXFileReference; lastKnownFileType = sourcecode.c.objc; path = main.m; sourceTree = "<group>"; };
		B22685B21A88463400AAC8A6 /* AppDelegate.h */ = {isa = PBXFileReference; lastKnownFileType = sourcecode.c.h; path = AppDelegate.h; sourceTree = "<group>"; };
		B22685B31A88463400AAC8A6 /* AppDelegate.m */ = {isa = PBXFileReference; lastKnownFileType = sourcecode.c.objc; path = AppDelegate.m; sourceTree = "<group>"; };
		B22685B61A88463400AAC8A6 /* Insurentory.xcdatamodel */ = {isa = PBXFileReference; lastKnownFileType = wrapper.xcdatamodel; path = Insurentory.xcdatamodel; sourceTree = "<group>"; };
		B22685B81A88463400AAC8A6 /* InsurentoriesTableViewController.h */ = {isa = PBXFileReference; lastKnownFileType = sourcecode.c.h; path = InsurentoriesTableViewController.h; sourceTree = "<group>"; };
		B22685B91A88463400AAC8A6 /* InsurentoriesTableViewController.m */ = {isa = PBXFileReference; lastKnownFileType = sourcecode.c.objc; path = InsurentoriesTableViewController.m; sourceTree = "<group>"; };
		B22685BB1A88463400AAC8A6 /* InsurentoryStaticTableViewController.h */ = {isa = PBXFileReference; lastKnownFileType = sourcecode.c.h; path = InsurentoryStaticTableViewController.h; sourceTree = "<group>"; };
		B22685BC1A88463400AAC8A6 /* InsurentoryStaticTableViewController.m */ = {isa = PBXFileReference; lastKnownFileType = sourcecode.c.objc; path = InsurentoryStaticTableViewController.m; sourceTree = "<group>"; };
		B22685BF1A88463400AAC8A6 /* Base */ = {isa = PBXFileReference; lastKnownFileType = file.storyboard; name = Base; path = Base.lproj/Insurentories.storyboard; sourceTree = "<group>"; };
		B22685C11A88463400AAC8A6 /* Images.xcassets */ = {isa = PBXFileReference; lastKnownFileType = folder.assetcatalog; path = Images.xcassets; sourceTree = "<group>"; };
		B22685C41A88463400AAC8A6 /* Base */ = {isa = PBXFileReference; lastKnownFileType = file.xib; name = Base; path = Base.lproj/LaunchScreen.xib; sourceTree = "<group>"; };
		B22685CA1A88463400AAC8A6 /* InsurentoryTests.xctest */ = {isa = PBXFileReference; explicitFileType = wrapper.cfbundle; includeInIndex = 0; path = InsurentoryTests.xctest; sourceTree = BUILT_PRODUCTS_DIR; };
		B22685CF1A88463400AAC8A6 /* Info.plist */ = {isa = PBXFileReference; lastKnownFileType = text.plist.xml; path = Info.plist; sourceTree = "<group>"; };
		B22685D01A88463400AAC8A6 /* InsurentoryTests.m */ = {isa = PBXFileReference; lastKnownFileType = sourcecode.c.objc; path = InsurentoryTests.m; sourceTree = "<group>"; };
		B25850891A8B541300FDB71A /* Insurentory.h */ = {isa = PBXFileReference; fileEncoding = 4; lastKnownFileType = sourcecode.c.h; path = Insurentory.h; sourceTree = "<group>"; };
		B258508A1A8B541300FDB71A /* Insurentory.m */ = {isa = PBXFileReference; fileEncoding = 4; lastKnownFileType = sourcecode.c.objc; path = Insurentory.m; sourceTree = "<group>"; };
		B258508C1A8B541300FDB71A /* Asset.h */ = {isa = PBXFileReference; fileEncoding = 4; lastKnownFileType = sourcecode.c.h; path = Asset.h; sourceTree = "<group>"; };
		B258508D1A8B541300FDB71A /* Asset.m */ = {isa = PBXFileReference; fileEncoding = 4; lastKnownFileType = sourcecode.c.objc; path = Asset.m; sourceTree = "<group>"; };
		B258508F1A8B5C7200FDB71A /* AssetTableViewCell.h */ = {isa = PBXFileReference; fileEncoding = 4; lastKnownFileType = sourcecode.c.h; path = AssetTableViewCell.h; sourceTree = "<group>"; };
		B25850901A8B5C7200FDB71A /* AssetTableViewCell.m */ = {isa = PBXFileReference; fileEncoding = 4; lastKnownFileType = sourcecode.c.objc; path = AssetTableViewCell.m; sourceTree = "<group>"; };
		E07D52661A8C595600A3D923 /* MessageUI.framework */ = {isa = PBXFileReference; lastKnownFileType = wrapper.framework; name = MessageUI.framework; path = System/Library/Frameworks/MessageUI.framework; sourceTree = SDKROOT; };
		E0F7B1201A8A96A600CBD7BD /* EHDotLinkedStoryboardSegue.h */ = {isa = PBXFileReference; fileEncoding = 4; lastKnownFileType = sourcecode.c.h; path = EHDotLinkedStoryboardSegue.h; sourceTree = "<group>"; };
		E0F7B1211A8A96A600CBD7BD /* EHDotLinkedStoryboardSegue.m */ = {isa = PBXFileReference; fileEncoding = 4; lastKnownFileType = sourcecode.c.objc; path = EHDotLinkedStoryboardSegue.m; sourceTree = "<group>"; };
		E0F7B1231A8A974E00CBD7BD /* Assets.storyboard */ = {isa = PBXFileReference; fileEncoding = 4; lastKnownFileType = file.storyboard; path = Assets.storyboard; sourceTree = "<group>"; };
		E0F7B1251A8A9BA600CBD7BD /* AssetsTableViewController.h */ = {isa = PBXFileReference; fileEncoding = 4; lastKnownFileType = sourcecode.c.h; path = AssetsTableViewController.h; sourceTree = "<group>"; };
		E0F7B1261A8A9BA600CBD7BD /* AssetsTableViewController.m */ = {isa = PBXFileReference; fileEncoding = 4; lastKnownFileType = sourcecode.c.objc; path = AssetsTableViewController.m; sourceTree = "<group>"; };
		E0F7B1281A8A9BD600CBD7BD /* AssetStaticTableViewController.h */ = {isa = PBXFileReference; fileEncoding = 4; lastKnownFileType = sourcecode.c.h; path = AssetStaticTableViewController.h; sourceTree = "<group>"; };
		E0F7B1291A8A9BD600CBD7BD /* AssetStaticTableViewController.m */ = {isa = PBXFileReference; fileEncoding = 4; lastKnownFileType = sourcecode.c.objc; path = AssetStaticTableViewController.m; sourceTree = "<group>"; };
/* End PBXFileReference section */

/* Begin PBXFrameworksBuildPhase section */
		B22685A81A88463300AAC8A6 /* Frameworks */ = {
			isa = PBXFrameworksBuildPhase;
			buildActionMask = 2147483647;
			files = (
				E07D52671A8C595600A3D923 /* MessageUI.framework in Frameworks */,
				A2242E53AFB40722561CE2B7 /* libPods.a in Frameworks */,
			);
			runOnlyForDeploymentPostprocessing = 0;
		};
		B22685C71A88463400AAC8A6 /* Frameworks */ = {
			isa = PBXFrameworksBuildPhase;
			buildActionMask = 2147483647;
			files = (
			);
			runOnlyForDeploymentPostprocessing = 0;
		};
/* End PBXFrameworksBuildPhase section */

/* Begin PBXGroup section */
		363A892E8DE23DFCA51D79E6 /* Pods */ = {
			isa = PBXGroup;
			children = (
				43817A4A03CFCB89EC4D8837 /* Pods.debug.xcconfig */,
				037E68FDE30062A6DBA43E87 /* Pods.release.xcconfig */,
			);
			name = Pods;
			sourceTree = "<group>";
		};
		4292F5A55AF51CCC9C8CA72C /* Frameworks */ = {
			isa = PBXGroup;
			children = (
				E07D52661A8C595600A3D923 /* MessageUI.framework */,
				787A1AB082A6B82741B86200 /* libPods.a */,
			);
			name = Frameworks;
			sourceTree = "<group>";
		};
		B22685A21A88463300AAC8A6 = {
			isa = PBXGroup;
			children = (
				B22685AD1A88463400AAC8A6 /* Insurentory */,
				B22685CD1A88463400AAC8A6 /* InsurentoryTests */,
				B22685AC1A88463400AAC8A6 /* Products */,
				363A892E8DE23DFCA51D79E6 /* Pods */,
				4292F5A55AF51CCC9C8CA72C /* Frameworks */,
			);
			sourceTree = "<group>";
		};
		B22685AC1A88463400AAC8A6 /* Products */ = {
			isa = PBXGroup;
			children = (
				B22685AB1A88463400AAC8A6 /* Insurentory.app */,
				B22685CA1A88463400AAC8A6 /* InsurentoryTests.xctest */,
			);
			name = Products;
			sourceTree = "<group>";
		};
		B22685AD1A88463400AAC8A6 /* Insurentory */ = {
			isa = PBXGroup;
			children = (
				B2C756111AA18BC600B148D3 /* Controllers */,
				B2C756101AA18BAB00B148D3 /* Views */,
				B2C7560F1AA18B5E00B148D3 /* Storyboards */,
				B25850851A8B519400FDB71A /* Data Model */,
				B22685AE1A88463400AAC8A6 /* Supporting Files */,
			);
			path = Insurentory;
			sourceTree = "<group>";
		};
		B22685AE1A88463400AAC8A6 /* Supporting Files */ = {
			isa = PBXGroup;
			children = (
				B22685B21A88463400AAC8A6 /* AppDelegate.h */,
				B22685B31A88463400AAC8A6 /* AppDelegate.m */,
				E0F7B1201A8A96A600CBD7BD /* EHDotLinkedStoryboardSegue.h */,
				E0F7B1211A8A96A600CBD7BD /* EHDotLinkedStoryboardSegue.m */,
				B22685C31A88463400AAC8A6 /* LaunchScreen.xib */,
				B22685C11A88463400AAC8A6 /* Images.xcassets */,
				B22685AF1A88463400AAC8A6 /* Info.plist */,
				B22685B01A88463400AAC8A6 /* main.m */,
			);
			name = "Supporting Files";
			sourceTree = "<group>";
		};
		B22685CD1A88463400AAC8A6 /* InsurentoryTests */ = {
			isa = PBXGroup;
			children = (
				B22685D01A88463400AAC8A6 /* InsurentoryTests.m */,
				B22685CE1A88463400AAC8A6 /* Supporting Files */,
			);
			path = InsurentoryTests;
			sourceTree = "<group>";
		};
		B22685CE1A88463400AAC8A6 /* Supporting Files */ = {
			isa = PBXGroup;
			children = (
				B22685CF1A88463400AAC8A6 /* Info.plist */,
			);
			name = "Supporting Files";
			sourceTree = "<group>";
		};
		B25850851A8B519400FDB71A /* Data Model */ = {
			isa = PBXGroup;
			children = (
				B2C756121AA18BE300B148D3 /* Generated */,
				B22685B51A88463400AAC8A6 /* Insurentory.xcdatamodeld */,
			);
			name = "Data Model";
			sourceTree = "<group>";
		};
		B2C7560F1AA18B5E00B148D3 /* Storyboards */ = {
			isa = PBXGroup;
			children = (
				B22685BE1A88463400AAC8A6 /* Insurentories.storyboard */,
				E0F7B1231A8A974E00CBD7BD /* Assets.storyboard */,
			);
			name = Storyboards;
			sourceTree = "<group>";
		};
		B2C756101AA18BAB00B148D3 /* Views */ = {
			isa = PBXGroup;
			children = (
				B258508F1A8B5C7200FDB71A /* AssetTableViewCell.h */,
				B25850901A8B5C7200FDB71A /* AssetTableViewCell.m */,
			);
			name = Views;
			sourceTree = "<group>";
		};
		B2C756111AA18BC600B148D3 /* Controllers */ = {
			isa = PBXGroup;
			children = (
				B22685B81A88463400AAC8A6 /* InsurentoriesTableViewController.h */,
				B22685B91A88463400AAC8A6 /* InsurentoriesTableViewController.m */,
				B22685BB1A88463400AAC8A6 /* InsurentoryStaticTableViewController.h */,
				B22685BC1A88463400AAC8A6 /* InsurentoryStaticTableViewController.m */,
				E0F7B1251A8A9BA600CBD7BD /* AssetsTableViewController.h */,
				E0F7B1261A8A9BA600CBD7BD /* AssetsTableViewController.m */,
				E0F7B1281A8A9BD600CBD7BD /* AssetStaticTableViewController.h */,
				E0F7B1291A8A9BD600CBD7BD /* AssetStaticTableViewController.m */,
			);
			name = Controllers;
			sourceTree = "<group>";
		};
		B2C756121AA18BE300B148D3 /* Generated */ = {
			isa = PBXGroup;
			children = (
				B258508C1A8B541300FDB71A /* Asset.h */,
				B258508D1A8B541300FDB71A /* Asset.m */,
				B25850891A8B541300FDB71A /* Insurentory.h */,
				B258508A1A8B541300FDB71A /* Insurentory.m */,
			);
			name = Generated;
			sourceTree = "<group>";
		};
/* End PBXGroup section */

/* Begin PBXNativeTarget section */
		B22685AA1A88463300AAC8A6 /* Insurentory */ = {
			isa = PBXNativeTarget;
			buildConfigurationList = B22685D41A88463400AAC8A6 /* Build configuration list for PBXNativeTarget "Insurentory" */;
			buildPhases = (
				0FBC5999DF723F63F94AE32B /* Check Pods Manifest.lock */,
				B22685A71A88463300AAC8A6 /* Sources */,
				B22685A81A88463300AAC8A6 /* Frameworks */,
				B22685A91A88463300AAC8A6 /* Resources */,
				7B7A63615424DB21D38529BB /* Copy Pods Resources */,
			);
			buildRules = (
			);
			dependencies = (
			);
			name = Insurentory;
			productName = Insurentory;
			productReference = B22685AB1A88463400AAC8A6 /* Insurentory.app */;
			productType = "com.apple.product-type.application";
		};
		B22685C91A88463400AAC8A6 /* InsurentoryTests */ = {
			isa = PBXNativeTarget;
			buildConfigurationList = B22685D71A88463400AAC8A6 /* Build configuration list for PBXNativeTarget "InsurentoryTests" */;
			buildPhases = (
				B22685C61A88463400AAC8A6 /* Sources */,
				B22685C71A88463400AAC8A6 /* Frameworks */,
				B22685C81A88463400AAC8A6 /* Resources */,
			);
			buildRules = (
			);
			dependencies = (
				B22685CC1A88463400AAC8A6 /* PBXTargetDependency */,
			);
			name = InsurentoryTests;
			productName = InsurentoryTests;
			productReference = B22685CA1A88463400AAC8A6 /* InsurentoryTests.xctest */;
			productType = "com.apple.product-type.bundle.unit-test";
		};
/* End PBXNativeTarget section */

/* Begin PBXProject section */
		B22685A31A88463300AAC8A6 /* Project object */ = {
			isa = PBXProject;
			attributes = {
				LastUpgradeCheck = 0610;
				ORGANIZATIONNAME = "Empath Solutions";
				TargetAttributes = {
					B22685AA1A88463300AAC8A6 = {
						CreatedOnToolsVersion = 6.1.1;
					};
					B22685C91A88463400AAC8A6 = {
						CreatedOnToolsVersion = 6.1.1;
						TestTargetID = B22685AA1A88463300AAC8A6;
					};
				};
			};
			buildConfigurationList = B22685A61A88463300AAC8A6 /* Build configuration list for PBXProject "Insurentory" */;
			compatibilityVersion = "Xcode 3.2";
			developmentRegion = English;
			hasScannedForEncodings = 0;
			knownRegions = (
				en,
				Base,
			);
			mainGroup = B22685A21A88463300AAC8A6;
			productRefGroup = B22685AC1A88463400AAC8A6 /* Products */;
			projectDirPath = "";
			projectRoot = "";
			targets = (
				B22685AA1A88463300AAC8A6 /* Insurentory */,
				B22685C91A88463400AAC8A6 /* InsurentoryTests */,
			);
		};
/* End PBXProject section */

/* Begin PBXResourcesBuildPhase section */
		B22685A91A88463300AAC8A6 /* Resources */ = {
			isa = PBXResourcesBuildPhase;
			buildActionMask = 2147483647;
			files = (
				B22685C01A88463400AAC8A6 /* Insurentories.storyboard in Resources */,
				B22685C51A88463400AAC8A6 /* LaunchScreen.xib in Resources */,
				B22685C21A88463400AAC8A6 /* Images.xcassets in Resources */,
				E0F7B1241A8A974E00CBD7BD /* Assets.storyboard in Resources */,
			);
			runOnlyForDeploymentPostprocessing = 0;
		};
		B22685C81A88463400AAC8A6 /* Resources */ = {
			isa = PBXResourcesBuildPhase;
			buildActionMask = 2147483647;
			files = (
			);
			runOnlyForDeploymentPostprocessing = 0;
		};
/* End PBXResourcesBuildPhase section */

/* Begin PBXShellScriptBuildPhase section */
		0FBC5999DF723F63F94AE32B /* Check Pods Manifest.lock */ = {
			isa = PBXShellScriptBuildPhase;
			buildActionMask = 2147483647;
			files = (
			);
			inputPaths = (
			);
			name = "Check Pods Manifest.lock";
			outputPaths = (
			);
			runOnlyForDeploymentPostprocessing = 0;
			shellPath = /bin/sh;
			shellScript = "diff \"${PODS_ROOT}/../Podfile.lock\" \"${PODS_ROOT}/Manifest.lock\" > /dev/null\nif [[ $? != 0 ]] ; then\n    cat << EOM\nerror: The sandbox is not in sync with the Podfile.lock. Run 'pod install' or update your CocoaPods installation.\nEOM\n    exit 1\nfi\n";
			showEnvVarsInLog = 0;
		};
		7B7A63615424DB21D38529BB /* Copy Pods Resources */ = {
			isa = PBXShellScriptBuildPhase;
			buildActionMask = 2147483647;
			files = (
			);
			inputPaths = (
			);
			name = "Copy Pods Resources";
			outputPaths = (
			);
			runOnlyForDeploymentPostprocessing = 0;
			shellPath = /bin/sh;
			shellScript = "\"${SRCROOT}/Pods/Target Support Files/Pods/Pods-resources.sh\"\n";
			showEnvVarsInLog = 0;
		};
/* End PBXShellScriptBuildPhase section */

/* Begin PBXSourcesBuildPhase section */
		B22685A71A88463300AAC8A6 /* Sources */ = {
			isa = PBXSourcesBuildPhase;
			buildActionMask = 2147483647;
			files = (
				B22685BD1A88463400AAC8A6 /* InsurentoryStaticTableViewController.m in Sources */,
				E0F7B1271A8A9BA600CBD7BD /* AssetsTableViewController.m in Sources */,
				B258508E1A8B541300FDB71A /* Asset.m in Sources */,
				B22685BA1A88463400AAC8A6 /* InsurentoriesTableViewController.m in Sources */,
				B22685B71A88463400AAC8A6 /* Insurentory.xcdatamodeld in Sources */,
				B25850911A8B5C7200FDB71A /* AssetTableViewCell.m in Sources */,
				E0F7B1221A8A96A600CBD7BD /* EHDotLinkedStoryboardSegue.m in Sources */,
				B22685B41A88463400AAC8A6 /* AppDelegate.m in Sources */,
				E0F7B12A1A8A9BD600CBD7BD /* AssetStaticTableViewController.m in Sources */,
				B258508B1A8B541300FDB71A /* Insurentory.m in Sources */,
				B22685B11A88463400AAC8A6 /* main.m in Sources */,
			);
			runOnlyForDeploymentPostprocessing = 0;
		};
		B22685C61A88463400AAC8A6 /* Sources */ = {
			isa = PBXSourcesBuildPhase;
			buildActionMask = 2147483647;
			files = (
				B22685D11A88463400AAC8A6 /* InsurentoryTests.m in Sources */,
			);
			runOnlyForDeploymentPostprocessing = 0;
		};
/* End PBXSourcesBuildPhase section */

/* Begin PBXTargetDependency section */
		B22685CC1A88463400AAC8A6 /* PBXTargetDependency */ = {
			isa = PBXTargetDependency;
			target = B22685AA1A88463300AAC8A6 /* Insurentory */;
			targetProxy = B22685CB1A88463400AAC8A6 /* PBXContainerItemProxy */;
		};
/* End PBXTargetDependency section */

/* Begin PBXVariantGroup section */
		B22685BE1A88463400AAC8A6 /* Insurentories.storyboard */ = {
			isa = PBXVariantGroup;
			children = (
				B22685BF1A88463400AAC8A6 /* Base */,
			);
			name = Insurentories.storyboard;
			sourceTree = "<group>";
		};
		B22685C31A88463400AAC8A6 /* LaunchScreen.xib */ = {
			isa = PBXVariantGroup;
			children = (
				B22685C41A88463400AAC8A6 /* Base */,
			);
			name = LaunchScreen.xib;
			sourceTree = "<group>";
		};
/* End PBXVariantGroup section */

/* Begin XCBuildConfiguration section */
		B22685D21A88463400AAC8A6 /* Debug */ = {
			isa = XCBuildConfiguration;
			buildSettings = {
				ALWAYS_SEARCH_USER_PATHS = NO;
				CLANG_CXX_LANGUAGE_STANDARD = "gnu++0x";
				CLANG_CXX_LIBRARY = "libc++";
				CLANG_ENABLE_MODULES = YES;
				CLANG_ENABLE_OBJC_ARC = YES;
				CLANG_WARN_BOOL_CONVERSION = YES;
				CLANG_WARN_CONSTANT_CONVERSION = YES;
				CLANG_WARN_DIRECT_OBJC_ISA_USAGE = YES_ERROR;
				CLANG_WARN_EMPTY_BODY = YES;
				CLANG_WARN_ENUM_CONVERSION = YES;
				CLANG_WARN_INT_CONVERSION = YES;
				CLANG_WARN_OBJC_ROOT_CLASS = YES_ERROR;
				CLANG_WARN_UNREACHABLE_CODE = YES;
				CLANG_WARN__DUPLICATE_METHOD_MATCH = YES;
				CODE_SIGN_IDENTITY = "";
				"CODE_SIGN_IDENTITY[sdk=iphoneos*]" = "iPhone Developer";
				COPY_PHASE_STRIP = NO;
				ENABLE_STRICT_OBJC_MSGSEND = YES;
				GCC_C_LANGUAGE_STANDARD = gnu99;
				GCC_DYNAMIC_NO_PIC = NO;
				GCC_OPTIMIZATION_LEVEL = 0;
				GCC_PREPROCESSOR_DEFINITIONS = (
					"DEBUG=1",
					"$(inherited)",
				);
				GCC_SYMBOLS_PRIVATE_EXTERN = NO;
				GCC_WARN_64_TO_32_BIT_CONVERSION = YES;
				GCC_WARN_ABOUT_RETURN_TYPE = YES_ERROR;
				GCC_WARN_UNDECLARED_SELECTOR = YES;
				GCC_WARN_UNINITIALIZED_AUTOS = YES_AGGRESSIVE;
				GCC_WARN_UNUSED_FUNCTION = YES;
				GCC_WARN_UNUSED_VARIABLE = YES;
				IPHONEOS_DEPLOYMENT_TARGET = 8.1;
				MTL_ENABLE_DEBUG_INFO = YES;
				ONLY_ACTIVE_ARCH = YES;
				SDKROOT = iphoneos;
				TARGETED_DEVICE_FAMILY = "1,2";
			};
			name = Debug;
		};
		B22685D31A88463400AAC8A6 /* Release */ = {
			isa = XCBuildConfiguration;
			buildSettings = {
				ALWAYS_SEARCH_USER_PATHS = NO;
				CLANG_CXX_LANGUAGE_STANDARD = "gnu++0x";
				CLANG_CXX_LIBRARY = "libc++";
				CLANG_ENABLE_MODULES = YES;
				CLANG_ENABLE_OBJC_ARC = YES;
				CLANG_WARN_BOOL_CONVERSION = YES;
				CLANG_WARN_CONSTANT_CONVERSION = YES;
				CLANG_WARN_DIRECT_OBJC_ISA_USAGE = YES_ERROR;
				CLANG_WARN_EMPTY_BODY = YES;
				CLANG_WARN_ENUM_CONVERSION = YES;
				CLANG_WARN_INT_CONVERSION = YES;
				CLANG_WARN_OBJC_ROOT_CLASS = YES_ERROR;
				CLANG_WARN_UNREACHABLE_CODE = YES;
				CLANG_WARN__DUPLICATE_METHOD_MATCH = YES;
				CODE_SIGN_IDENTITY = "";
				"CODE_SIGN_IDENTITY[sdk=iphoneos*]" = "iPhone Developer";
				COPY_PHASE_STRIP = YES;
				ENABLE_NS_ASSERTIONS = NO;
				ENABLE_STRICT_OBJC_MSGSEND = YES;
				GCC_C_LANGUAGE_STANDARD = gnu99;
				GCC_WARN_64_TO_32_BIT_CONVERSION = YES;
				GCC_WARN_ABOUT_RETURN_TYPE = YES_ERROR;
				GCC_WARN_UNDECLARED_SELECTOR = YES;
				GCC_WARN_UNINITIALIZED_AUTOS = YES_AGGRESSIVE;
				GCC_WARN_UNUSED_FUNCTION = YES;
				GCC_WARN_UNUSED_VARIABLE = YES;
				IPHONEOS_DEPLOYMENT_TARGET = 8.1;
				MTL_ENABLE_DEBUG_INFO = NO;
				SDKROOT = iphoneos;
				TARGETED_DEVICE_FAMILY = "1,2";
				VALIDATE_PRODUCT = YES;
			};
			name = Release;
		};
		B22685D51A88463400AAC8A6 /* Debug */ = {
			isa = XCBuildConfiguration;
			baseConfigurationReference = 43817A4A03CFCB89EC4D8837 /* Pods.debug.xcconfig */;
			buildSettings = {
				ASSETCATALOG_COMPILER_APPICON_NAME = AppIcon;
				CODE_SIGN_IDENTITY = "iPhone Developer";
				INFOPLIST_FILE = Insurentory/Info.plist;
				LD_RUNPATH_SEARCH_PATHS = "$(inherited) @executable_path/Frameworks";
				PRODUCT_NAME = "$(TARGET_NAME)";
				TARGETED_DEVICE_FAMILY = "1,2";
			};
			name = Debug;
		};
		B22685D61A88463400AAC8A6 /* Release */ = {
			isa = XCBuildConfiguration;
			baseConfigurationReference = 037E68FDE30062A6DBA43E87 /* Pods.release.xcconfig */;
			buildSettings = {
				ASSETCATALOG_COMPILER_APPICON_NAME = AppIcon;
				CODE_SIGN_IDENTITY = "iPhone Developer";
				INFOPLIST_FILE = Insurentory/Info.plist;
				LD_RUNPATH_SEARCH_PATHS = "$(inherited) @executable_path/Frameworks";
				PRODUCT_NAME = "$(TARGET_NAME)";
				TARGETED_DEVICE_FAMILY = "1,2";
			};
			name = Release;
		};
		B22685D81A88463400AAC8A6 /* Debug */ = {
			isa = XCBuildConfiguration;
			buildSettings = {
				BUNDLE_LOADER = "$(TEST_HOST)";
				FRAMEWORK_SEARCH_PATHS = (
					"$(SDKROOT)/Developer/Library/Frameworks",
					"$(inherited)",
				);
				GCC_PREPROCESSOR_DEFINITIONS = (
					"DEBUG=1",
					"$(inherited)",
				);
				INFOPLIST_FILE = InsurentoryTests/Info.plist;
				LD_RUNPATH_SEARCH_PATHS = "$(inherited) @executable_path/Frameworks @loader_path/Frameworks";
				PRODUCT_NAME = "$(TARGET_NAME)";
				TEST_HOST = "$(BUILT_PRODUCTS_DIR)/Insurentory.app/Insurentory";
			};
			name = Debug;
		};
		B22685D91A88463400AAC8A6 /* Release */ = {
			isa = XCBuildConfiguration;
			buildSettings = {
				BUNDLE_LOADER = "$(TEST_HOST)";
				FRAMEWORK_SEARCH_PATHS = (
					"$(SDKROOT)/Developer/Library/Frameworks",
					"$(inherited)",
				);
				INFOPLIST_FILE = InsurentoryTests/Info.plist;
				LD_RUNPATH_SEARCH_PATHS = "$(inherited) @executable_path/Frameworks @loader_path/Frameworks";
				PRODUCT_NAME = "$(TARGET_NAME)";
				TEST_HOST = "$(BUILT_PRODUCTS_DIR)/Insurentory.app/Insurentory";
			};
			name = Release;
		};
/* End XCBuildConfiguration section */

/* Begin XCConfigurationList section */
		B22685A61A88463300AAC8A6 /* Build configuration list for PBXProject "Insurentory" */ = {
			isa = XCConfigurationList;
			buildConfigurations = (
				B22685D21A88463400AAC8A6 /* Debug */,
				B22685D31A88463400AAC8A6 /* Release */,
			);
			defaultConfigurationIsVisible = 0;
			defaultConfigurationName = Release;
		};
		B22685D41A88463400AAC8A6 /* Build configuration list for PBXNativeTarget "Insurentory" */ = {
			isa = XCConfigurationList;
			buildConfigurations = (
				B22685D51A88463400AAC8A6 /* Debug */,
				B22685D61A88463400AAC8A6 /* Release */,
			);
			defaultConfigurationIsVisible = 0;
			defaultConfigurationName = Release;
		};
		B22685D71A88463400AAC8A6 /* Build configuration list for PBXNativeTarget "InsurentoryTests" */ = {
			isa = XCConfigurationList;
			buildConfigurations = (
				B22685D81A88463400AAC8A6 /* Debug */,
				B22685D91A88463400AAC8A6 /* Release */,
			);
			defaultConfigurationIsVisible = 0;
			defaultConfigurationName = Release;
		};
/* End XCConfigurationList section */

/* Begin XCVersionGroup section */
		B22685B51A88463400AAC8A6 /* Insurentory.xcdatamodeld */ = {
			isa = XCVersionGroup;
			children = (
				B22685B61A88463400AAC8A6 /* Insurentory.xcdatamodel */,
			);
			currentVersion = B22685B61A88463400AAC8A6 /* Insurentory.xcdatamodel */;
			path = Insurentory.xcdatamodeld;
			sourceTree = "<group>";
			versionGroupType = wrapper.xcdatamodel;
		};
/* End XCVersionGroup section */
	};
	rootObject = B22685A31A88463300AAC8A6 /* Project object */;
}
